
Microsoft Visual Studio Solution File, Format Version 12.00
# Visual Studio 15
VisualStudioVersion = 15.0.28307.705
MinimumVisualStudioVersion = 10.0.40219.1
Project("{FAE04EC0-301F-11D3-BF4B-00C04F79EFBC}") = "Mister_Benford", "Mister_Benford\Mister_Benford.csproj", "{9DAD4596-DE50-47F8-8AAE-48BA321E46DE}"
EndProject
Global
	GlobalSection(SolutionConfigurationPlatforms) = preSolution
		Debug|Any CPU = Debug|Any CPU
		Release|Any CPU = Release|Any CPU
	EndGlobalSection
	GlobalSection(ProjectConfigurationPlatforms) = postSolution
		{9DAD4596-DE50-47F8-8AAE-48BA321E46DE}.Debug|Any CPU.ActiveCfg = Debug|Any CPU
		{9DAD4596-DE50-47F8-8AAE-48BA321E46DE}.Debug|Any CPU.Build.0 = Debug|Any CPU
		{9DAD4596-DE50-47F8-8AAE-48BA321E46DE}.Release|Any CPU.ActiveCfg = Release|Any CPU
		{9DAD4596-DE50-47F8-8AAE-48BA321E46DE}.Release|Any CPU.Build.0 = Release|Any CPU
	EndGlobalSection
	GlobalSection(SolutionProperties) = preSolution
		HideSolutionNode = FALSE
	EndGlobalSection
	GlobalSection(ExtensibilityGlobals) = postSolution
		SolutionGuid = {D306F598-8A49-4039-A459-670617661CEB}
	EndGlobalSection
EndGlobal
